
Microsoft Visual Studio Solution File, Format Version 12.00
# Visual Studio Version 17
VisualStudioVersion = 17.5.33502.453
MinimumVisualStudioVersion = 10.0.40219.1
Project("{FAE04EC0-301F-11D3-BF4B-00C04F79EFBC}") = "PipelineProject", "PipelineProject\PipelineProject.csproj", "{62E18C9F-EA23-425A-8133-A698793EC97A}"
EndProject
Global
	GlobalSection(SolutionConfigurationPlatforms) = preSolution
		Debug|Any CPU = Debug|Any CPU
		Release|Any CPU = Release|Any CPU
	EndGlobalSection
	GlobalSection(ProjectConfigurationPlatforms) = postSolution
		{62E18C9F-EA23-425A-8133-A698793EC97A}.Debug|Any CPU.ActiveCfg = Debug|Any CPU
		{62E18C9F-EA23-425A-8133-A698793EC97A}.Debug|Any CPU.Build.0 = Debug|Any CPU
		{62E18C9F-EA23-425A-8133-A698793EC97A}.Release|Any CPU.ActiveCfg = Release|Any CPU
		{62E18C9F-EA23-425A-8133-A698793EC97A}.Release|Any CPU.Build.0 = Release|Any CPU
	EndGlobalSection
	GlobalSection(SolutionProperties) = preSolution
		HideSolutionNode = FALSE
	EndGlobalSection
	GlobalSection(ExtensibilityGlobals) = postSolution
		SolutionGuid = {5EDEDFDC-C84A-49AD-8A87-641D67C5A923}
	EndGlobalSection
EndGlobal
